
Microsoft Visual Studio Solution File, Format Version 12.00
# Visual Studio Version 17
VisualStudioVersion = 17.6.33829.357
MinimumVisualStudioVersion = 10.0.40219.1
Project("{FAE04EC0-301F-11D3-BF4B-00C04F79EFBC}") = "Logic", "..\Logic\Logic.csproj", "{DAD638C4-531D-4A91-8BBD-E3F29D9872A3}"
EndProject
Project("{FAE04EC0-301F-11D3-BF4B-00C04F79EFBC}") = "Data", "..\Data\Data.csproj", "{E8CBB5A9-DEB0-48FE-942C-36C1AB97E13A}"
EndProject
Project("{FAE04EC0-301F-11D3-BF4B-00C04F79EFBC}") = "LogicClient", "..\LogicClient\LogicClient.csproj", "{7FC0410B-50F7-44FF-8B97-1224879582B5}"
EndProject
Global
	GlobalSection(SolutionConfigurationPlatforms) = preSolution
		Debug|Any CPU = Debug|Any CPU
		Release|Any CPU = Release|Any CPU
	EndGlobalSection
	GlobalSection(ProjectConfigurationPlatforms) = postSolution
		{DAD638C4-531D-4A91-8BBD-E3F29D9872A3}.Debug|Any CPU.ActiveCfg = Debug|Any CPU
		{DAD638C4-531D-4A91-8BBD-E3F29D9872A3}.Debug|Any CPU.Build.0 = Debug|Any CPU
		{DAD638C4-531D-4A91-8BBD-E3F29D9872A3}.Release|Any CPU.ActiveCfg = Release|Any CPU
		{DAD638C4-531D-4A91-8BBD-E3F29D9872A3}.Release|Any CPU.Build.0 = Release|Any CPU
		{E8CBB5A9-DEB0-48FE-942C-36C1AB97E13A}.Debug|Any CPU.ActiveCfg = Debug|Any CPU
		{E8CBB5A9-DEB0-48FE-942C-36C1AB97E13A}.Debug|Any CPU.Build.0 = Debug|Any CPU
		{E8CBB5A9-DEB0-48FE-942C-36C1AB97E13A}.Release|Any CPU.ActiveCfg = Release|Any CPU
		{E8CBB5A9-DEB0-48FE-942C-36C1AB97E13A}.Release|Any CPU.Build.0 = Release|Any CPU
		{7FC0410B-50F7-44FF-8B97-1224879582B5}.Debug|Any CPU.ActiveCfg = Debug|Any CPU
		{7FC0410B-50F7-44FF-8B97-1224879582B5}.Debug|Any CPU.Build.0 = Debug|Any CPU
		{7FC0410B-50F7-44FF-8B97-1224879582B5}.Release|Any CPU.ActiveCfg = Release|Any CPU
		{7FC0410B-50F7-44FF-8B97-1224879582B5}.Release|Any CPU.Build.0 = Release|Any CPU
	EndGlobalSection
	GlobalSection(SolutionProperties) = preSolution
		HideSolutionNode = FALSE
	EndGlobalSection
	GlobalSection(ExtensibilityGlobals) = postSolution
		SolutionGuid = {D22B2146-BA59-425D-99A6-A168C66551BD}
	EndGlobalSection
EndGlobal
